{
  "nodes": {
    "flake-parts": {
      "inputs": {
        "nixpkgs": [
          "nixpkgs"
        ]
      },
      "locked": {
        "lastModified": 1657102481,
        "narHash": "sha256-62Fuw8JgPub38OdgNefkIKOodM9nC3M0AG6lS+7smf4=",
        "owner": "hercules-ci",
        "repo": "flake-parts",
        "rev": "608ed3502263d6f4f886d75c48fc2b444a4ab8d8",
        "type": "github"
      },
      "original": {
        "owner": "hercules-ci",
        "repo": "flake-parts",
        "type": "github"
      }
    },
    "nixpkgs": {
      "locked": {
        "lastModified": 1655456688,
        "narHash": "sha256-j2trI5gv2fnHdfUQFBy957avCPxxzCqE8R+TOYHPSRE=",
        "owner": "NixOS",
        "repo": "nixpkgs",
        "rev": "d17a56d90ecbd1b8fc908d49598fb854ef188461",
        "type": "github"
      },
      "original": {
        "owner": "NixOS",
        "ref": "nixos-22.05",
        "repo": "nixpkgs",
        "type": "github"
      }
    },
    "root": {
      "inputs": {
        "flake-parts": "flake-parts",
        "nixpkgs": "nixpkgs"
      }
    }
  },
  "root": "root",
  "version": 7
}
